// !$*UTF8*$!
{
	archiveVersion = 1;
	classes = {
	};
	objectVersion = 50;
	objects = {

/* Begin PBXBuildFile section */
		04C982AC49DADF626F9D1DEA /* Pods_fairynewsUITests.framework in Frameworks */ = {isa = PBXBuildFile; fileRef = 329FA695DD966417AC30C9F5 /* Pods_fairynewsUITests.framework */; };
		2C9C868821C79E50007BCA2A /* ApiDataMyCellModel.swift in Sources */ = {isa = PBXBuildFile; fileRef = 2C9C868721C79E50007BCA2A /* ApiDataMyCellModel.swift */; };
		2C9C868A21C7D677007BCA2A /* MineTableCellView.swift in Sources */ = {isa = PBXBuildFile; fileRef = 2C9C868921C7D677007BCA2A /* MineTableCellView.swift */; };
		2CC2B49421B8C26600FB4398 /* AppDelegate.swift in Sources */ = {isa = PBXBuildFile; fileRef = 2CC2B49321B8C26600FB4398 /* AppDelegate.swift */; };
		2CC2B49621B8C26600FB4398 /* ViewController.swift in Sources */ = {isa = PBXBuildFile; fileRef = 2CC2B49521B8C26600FB4398 /* ViewController.swift */; };
		2CC2B49921B8C26600FB4398 /* Main.storyboard in Resources */ = {isa = PBXBuildFile; fileRef = 2CC2B49721B8C26600FB4398 /* Main.storyboard */; };
		2CC2B49B21B8C26800FB4398 /* Assets.xcassets in Resources */ = {isa = PBXBuildFile; fileRef = 2CC2B49A21B8C26800FB4398 /* Assets.xcassets */; };
		2CC2B49E21B8C26800FB4398 /* LaunchScreen.storyboard in Resources */ = {isa = PBXBuildFile; fileRef = 2CC2B49C21B8C26800FB4398 /* LaunchScreen.storyboard */; };
		2CC2B4A921B8C26800FB4398 /* fairynewsTests.swift in Sources */ = {isa = PBXBuildFile; fileRef = 2CC2B4A821B8C26800FB4398 /* fairynewsTests.swift */; };
		2CC2B4B421B8C26900FB4398 /* fairynewsUITests.swift in Sources */ = {isa = PBXBuildFile; fileRef = 2CC2B4B321B8C26900FB4398 /* fairynewsUITests.swift */; };
		2CC2B4C221B90D8300FB4398 /* MyTabBarController.swift in Sources */ = {isa = PBXBuildFile; fileRef = 2CC2B4C121B90D8300FB4398 /* MyTabBarController.swift */; };
		2CC2B4C421B90DE900FB4398 /* MyNavigationController.swift in Sources */ = {isa = PBXBuildFile; fileRef = 2CC2B4C321B90DE900FB4398 /* MyNavigationController.swift */; };
		2CC2B4C621BA4C8F00FB4398 /* HomeViewController.swift in Sources */ = {isa = PBXBuildFile; fileRef = 2CC2B4C521BA4C8F00FB4398 /* HomeViewController.swift */; };
		2CC2B4C821BA4CA800FB4398 /* VideoViewController.swift in Sources */ = {isa = PBXBuildFile; fileRef = 2CC2B4C721BA4CA800FB4398 /* VideoViewController.swift */; };
		2CC2B4CA21BA4CBC00FB4398 /* HuoshanViewController.swift in Sources */ = {isa = PBXBuildFile; fileRef = 2CC2B4C921BA4CBC00FB4398 /* HuoshanViewController.swift */; };
		2CC2B4CC21BA4CD400FB4398 /* MineViewController.swift in Sources */ = {isa = PBXBuildFile; fileRef = 2CC2B4CB21BA4CD400FB4398 /* MineViewController.swift */; };
		2CC2B4CE21BA697900FB4398 /* MyTabBar.swift in Sources */ = {isa = PBXBuildFile; fileRef = 2CC2B4CD21BA697900FB4398 /* MyTabBar.swift */; };
		2CC8923821C0A8FC0082334D /* ConstDefine.swift in Sources */ = {isa = PBXBuildFile; fileRef = 2CC8923721C0A8FC0082334D /* ConstDefine.swift */; };
		2CC8923F21C0BDC60082334D /* UIColor+Extension.swift in Sources */ = {isa = PBXBuildFile; fileRef = 2CC8923E21C0BDC60082334D /* UIColor+Extension.swift */; };
		2CC8924221C3875C0082334D /* MineApiService.swift in Sources */ = {isa = PBXBuildFile; fileRef = 2CC8924121C3875C0082334D /* MineApiService.swift */; };
		2CC8924421C389010082334D /* ApiConst.swift in Sources */ = {isa = PBXBuildFile; fileRef = 2CC8924321C389010082334D /* ApiConst.swift */; };
		2CC8924621C38C830082334D /* ApiResult.swift in Sources */ = {isa = PBXBuildFile; fileRef = 2CC8924521C38C830082334D /* ApiResult.swift */; };
		36EC89C52E60201253BA0D23 /* Pods_fairynewsTests.framework in Frameworks */ = {isa = PBXBuildFile; fileRef = C7B3C487DE3EB7F3D0751E58 /* Pods_fairynewsTests.framework */; };
		5FDBD9753389110DF386F797 /* Pods_fairynews.framework in Frameworks */ = {isa = PBXBuildFile; fileRef = 176940C73B97F640EB6DCD9A /* Pods_fairynews.framework */; };
/* End PBXBuildFile section */

/* Begin PBXContainerItemProxy section */
		2CC2B4A521B8C26800FB4398 /* PBXContainerItemProxy */ = {
			isa = PBXContainerItemProxy;
			containerPortal = 2CC2B48821B8C26600FB4398 /* Project object */;
			proxyType = 1;
			remoteGlobalIDString = 2CC2B48F21B8C26600FB4398;
			remoteInfo = fairynews;
		};
		2CC2B4B021B8C26900FB4398 /* PBXContainerItemProxy */ = {
			isa = PBXContainerItemProxy;
			containerPortal = 2CC2B48821B8C26600FB4398 /* Project object */;
			proxyType = 1;
			remoteGlobalIDString = 2CC2B48F21B8C26600FB4398;
			remoteInfo = fairynews;
		};
/* End PBXContainerItemProxy section */

/* Begin PBXFileReference section */
		176940C73B97F640EB6DCD9A /* Pods_fairynews.framework */ = {isa = PBXFileReference; explicitFileType = wrapper.framework; includeInIndex = 0; path = Pods_fairynews.framework; sourceTree = BUILT_PRODUCTS_DIR; };
		19EA3207E22373AFC2F0CE92 /* Pods-fairynewsUITests.debug.xcconfig */ = {isa = PBXFileReference; includeInIndex = 1; lastKnownFileType = text.xcconfig; name = "Pods-fairynewsUITests.debug.xcconfig"; path = "Pods/Target Support Files/Pods-fairynewsUITests/Pods-fairynewsUITests.debug.xcconfig"; sourceTree = "<group>"; };
		2C9C868721C79E50007BCA2A /* ApiDataMyCellModel.swift */ = {isa = PBXFileReference; lastKnownFileType = sourcecode.swift; path = ApiDataMyCellModel.swift; sourceTree = "<group>"; };
		2C9C868921C7D677007BCA2A /* MineTableCellView.swift */ = {isa = PBXFileReference; lastKnownFileType = sourcecode.swift; path = MineTableCellView.swift; sourceTree = "<group>"; };
		2CC2B49021B8C26600FB4398 /* fairynews.app */ = {isa = PBXFileReference; explicitFileType = wrapper.application; includeInIndex = 0; path = fairynews.app; sourceTree = BUILT_PRODUCTS_DIR; };
		2CC2B49321B8C26600FB4398 /* AppDelegate.swift */ = {isa = PBXFileReference; lastKnownFileType = sourcecode.swift; path = AppDelegate.swift; sourceTree = "<group>"; };
		2CC2B49521B8C26600FB4398 /* ViewController.swift */ = {isa = PBXFileReference; lastKnownFileType = sourcecode.swift; path = ViewController.swift; sourceTree = "<group>"; };
		2CC2B49821B8C26600FB4398 /* Base */ = {isa = PBXFileReference; lastKnownFileType = file.storyboard; name = Base; path = Base.lproj/Main.storyboard; sourceTree = "<group>"; };
		2CC2B49A21B8C26800FB4398 /* Assets.xcassets */ = {isa = PBXFileReference; lastKnownFileType = folder.assetcatalog; path = Assets.xcassets; sourceTree = "<group>"; };
		2CC2B49D21B8C26800FB4398 /* Base */ = {isa = PBXFileReference; lastKnownFileType = file.storyboard; name = Base; path = Base.lproj/LaunchScreen.storyboard; sourceTree = "<group>"; };
		2CC2B49F21B8C26800FB4398 /* Info.plist */ = {isa = PBXFileReference; lastKnownFileType = text.plist.xml; path = Info.plist; sourceTree = "<group>"; };
		2CC2B4A421B8C26800FB4398 /* fairynewsTests.xctest */ = {isa = PBXFileReference; explicitFileType = wrapper.cfbundle; includeInIndex = 0; path = fairynewsTests.xctest; sourceTree = BUILT_PRODUCTS_DIR; };
		2CC2B4A821B8C26800FB4398 /* fairynewsTests.swift */ = {isa = PBXFileReference; lastKnownFileType = sourcecode.swift; path = fairynewsTests.swift; sourceTree = "<group>"; };
		2CC2B4AA21B8C26800FB4398 /* Info.plist */ = {isa = PBXFileReference; lastKnownFileType = text.plist.xml; path = Info.plist; sourceTree = "<group>"; };
		2CC2B4AF21B8C26900FB4398 /* fairynewsUITests.xctest */ = {isa = PBXFileReference; explicitFileType = wrapper.cfbundle; includeInIndex = 0; path = fairynewsUITests.xctest; sourceTree = BUILT_PRODUCTS_DIR; };
		2CC2B4B321B8C26900FB4398 /* fairynewsUITests.swift */ = {isa = PBXFileReference; lastKnownFileType = sourcecode.swift; path = fairynewsUITests.swift; sourceTree = "<group>"; };
		2CC2B4B521B8C26900FB4398 /* Info.plist */ = {isa = PBXFileReference; lastKnownFileType = text.plist.xml; path = Info.plist; sourceTree = "<group>"; };
		2CC2B4C121B90D8300FB4398 /* MyTabBarController.swift */ = {isa = PBXFileReference; lastKnownFileType = sourcecode.swift; path = MyTabBarController.swift; sourceTree = "<group>"; };
		2CC2B4C321B90DE900FB4398 /* MyNavigationController.swift */ = {isa = PBXFileReference; lastKnownFileType = sourcecode.swift; path = MyNavigationController.swift; sourceTree = "<group>"; };
		2CC2B4C521BA4C8F00FB4398 /* HomeViewController.swift */ = {isa = PBXFileReference; lastKnownFileType = sourcecode.swift; path = HomeViewController.swift; sourceTree = "<group>"; };
		2CC2B4C721BA4CA800FB4398 /* VideoViewController.swift */ = {isa = PBXFileReference; lastKnownFileType = sourcecode.swift; path = VideoViewController.swift; sourceTree = "<group>"; };
		2CC2B4C921BA4CBC00FB4398 /* HuoshanViewController.swift */ = {isa = PBXFileReference; lastKnownFileType = sourcecode.swift; path = HuoshanViewController.swift; sourceTree = "<group>"; };
		2CC2B4CB21BA4CD400FB4398 /* MineViewController.swift */ = {isa = PBXFileReference; lastKnownFileType = sourcecode.swift; path = MineViewController.swift; sourceTree = "<group>"; };
		2CC2B4CD21BA697900FB4398 /* MyTabBar.swift */ = {isa = PBXFileReference; lastKnownFileType = sourcecode.swift; path = MyTabBar.swift; sourceTree = "<group>"; };
		2CC8923721C0A8FC0082334D /* ConstDefine.swift */ = {isa = PBXFileReference; lastKnownFileType = sourcecode.swift; path = ConstDefine.swift; sourceTree = "<group>"; };
		2CC8923E21C0BDC60082334D /* UIColor+Extension.swift */ = {isa = PBXFileReference; lastKnownFileType = sourcecode.swift; path = "UIColor+Extension.swift"; sourceTree = "<group>"; };
		2CC8924121C3875C0082334D /* MineApiService.swift */ = {isa = PBXFileReference; lastKnownFileType = sourcecode.swift; path = MineApiService.swift; sourceTree = "<group>"; };
		2CC8924321C389010082334D /* ApiConst.swift */ = {isa = PBXFileReference; lastKnownFileType = sourcecode.swift; path = ApiConst.swift; sourceTree = "<group>"; };
		2CC8924521C38C830082334D /* ApiResult.swift */ = {isa = PBXFileReference; lastKnownFileType = sourcecode.swift; path = ApiResult.swift; sourceTree = "<group>"; };
		2DC107D9B3897A78CCC07821 /* Pods-fairynewsUITests.release.xcconfig */ = {isa = PBXFileReference; includeInIndex = 1; lastKnownFileType = text.xcconfig; name = "Pods-fairynewsUITests.release.xcconfig"; path = "Pods/Target Support Files/Pods-fairynewsUITests/Pods-fairynewsUITests.release.xcconfig"; sourceTree = "<group>"; };
		329FA695DD966417AC30C9F5 /* Pods_fairynewsUITests.framework */ = {isa = PBXFileReference; explicitFileType = wrapper.framework; includeInIndex = 0; path = Pods_fairynewsUITests.framework; sourceTree = BUILT_PRODUCTS_DIR; };
		476C3CE89512B887A10E8BC3 /* Pods-fairynewsTests.release.xcconfig */ = {isa = PBXFileReference; includeInIndex = 1; lastKnownFileType = text.xcconfig; name = "Pods-fairynewsTests.release.xcconfig"; path = "Pods/Target Support Files/Pods-fairynewsTests/Pods-fairynewsTests.release.xcconfig"; sourceTree = "<group>"; };
		A556FBA75A78C5D7EB6BF3C0 /* Pods-fairynews.release.xcconfig */ = {isa = PBXFileReference; includeInIndex = 1; lastKnownFileType = text.xcconfig; name = "Pods-fairynews.release.xcconfig"; path = "Pods/Target Support Files/Pods-fairynews/Pods-fairynews.release.xcconfig"; sourceTree = "<group>"; };
		C5492C1291A0A83F10A28FFC /* Pods-fairynews.debug.xcconfig */ = {isa = PBXFileReference; includeInIndex = 1; lastKnownFileType = text.xcconfig; name = "Pods-fairynews.debug.xcconfig"; path = "Pods/Target Support Files/Pods-fairynews/Pods-fairynews.debug.xcconfig"; sourceTree = "<group>"; };
		C7B3C487DE3EB7F3D0751E58 /* Pods_fairynewsTests.framework */ = {isa = PBXFileReference; explicitFileType = wrapper.framework; includeInIndex = 0; path = Pods_fairynewsTests.framework; sourceTree = BUILT_PRODUCTS_DIR; };
		EA92FF76C8563265334A620D /* Pods-fairynewsTests.debug.xcconfig */ = {isa = PBXFileReference; includeInIndex = 1; lastKnownFileType = text.xcconfig; name = "Pods-fairynewsTests.debug.xcconfig"; path = "Pods/Target Support Files/Pods-fairynewsTests/Pods-fairynewsTests.debug.xcconfig"; sourceTree = "<group>"; };
/* End PBXFileReference section */

/* Begin PBXFrameworksBuildPhase section */
		2CC2B48D21B8C26600FB4398 /* Frameworks */ = {
			isa = PBXFrameworksBuildPhase;
			buildActionMask = 2147483647;
			files = (
				5FDBD9753389110DF386F797 /* Pods_fairynews.framework in Frameworks */,
			);
			runOnlyForDeploymentPostprocessing = 0;
		};
		2CC2B4A121B8C26800FB4398 /* Frameworks */ = {
			isa = PBXFrameworksBuildPhase;
			buildActionMask = 2147483647;
			files = (
				36EC89C52E60201253BA0D23 /* Pods_fairynewsTests.framework in Frameworks */,
			);
			runOnlyForDeploymentPostprocessing = 0;
		};
		2CC2B4AC21B8C26900FB4398 /* Frameworks */ = {
			isa = PBXFrameworksBuildPhase;
			buildActionMask = 2147483647;
			files = (
				04C982AC49DADF626F9D1DEA /* Pods_fairynewsUITests.framework in Frameworks */,
			);
			runOnlyForDeploymentPostprocessing = 0;
		};
/* End PBXFrameworksBuildPhase section */

/* Begin PBXGroup section */
		103285F69AF220CAD21168E7 /* Pods */ = {
			isa = PBXGroup;
			children = (
				C5492C1291A0A83F10A28FFC /* Pods-fairynews.debug.xcconfig */,
				A556FBA75A78C5D7EB6BF3C0 /* Pods-fairynews.release.xcconfig */,
				EA92FF76C8563265334A620D /* Pods-fairynewsTests.debug.xcconfig */,
				476C3CE89512B887A10E8BC3 /* Pods-fairynewsTests.release.xcconfig */,
				19EA3207E22373AFC2F0CE92 /* Pods-fairynewsUITests.debug.xcconfig */,
				2DC107D9B3897A78CCC07821 /* Pods-fairynewsUITests.release.xcconfig */,
			);
			name = Pods;
			sourceTree = "<group>";
		};
		2CC2B48721B8C26600FB4398 = {
			isa = PBXGroup;
			children = (
				2CC2B49221B8C26600FB4398 /* fairynews */,
				2CC2B4A721B8C26800FB4398 /* fairynewsTests */,
				2CC2B4B221B8C26900FB4398 /* fairynewsUITests */,
				2CC2B49121B8C26600FB4398 /* Products */,
				103285F69AF220CAD21168E7 /* Pods */,
				7F95450BD471AD94A2152E0B /* Frameworks */,
			);
			sourceTree = "<group>";
		};
		2CC2B49121B8C26600FB4398 /* Products */ = {
			isa = PBXGroup;
			children = (
				2CC2B49021B8C26600FB4398 /* fairynews.app */,
				2CC2B4A421B8C26800FB4398 /* fairynewsTests.xctest */,
				2CC2B4AF21B8C26900FB4398 /* fairynewsUITests.xctest */,
			);
			name = Products;
			sourceTree = "<group>";
		};
		2CC2B49221B8C26600FB4398 /* fairynews */ = {
			isa = PBXGroup;
			children = (
				2CC8923921C0BD6A0082334D /* main */,
				2CC8922A21C0A1F70082334D /* others */,
				2CC8922921C0A1E90082334D /* video */,
				2CC8922821C0A1E30082334D /* mine */,
				2CC8922721C0A1DA0082334D /* huoshan */,
				2CC8922621C0A1C30082334D /* Home */,
				2CC2B49A21B8C26800FB4398 /* Assets.xcassets */,
				2CC2B49F21B8C26800FB4398 /* Info.plist */,
			);
			path = fairynews;
			sourceTree = "<group>";
		};
		2CC2B4A721B8C26800FB4398 /* fairynewsTests */ = {
			isa = PBXGroup;
			children = (
				2CC2B4A821B8C26800FB4398 /* fairynewsTests.swift */,
				2CC2B4AA21B8C26800FB4398 /* Info.plist */,
			);
			path = fairynewsTests;
			sourceTree = "<group>";
		};
		2CC2B4B221B8C26900FB4398 /* fairynewsUITests */ = {
			isa = PBXGroup;
			children = (
				2CC2B4B321B8C26900FB4398 /* fairynewsUITests.swift */,
				2CC2B4B521B8C26900FB4398 /* Info.plist */,
			);
			path = fairynewsUITests;
			sourceTree = "<group>";
		};
		2CC8922621C0A1C30082334D /* Home */ = {
			isa = PBXGroup;
			children = (
				2CC8923521C0A2440082334D /* controller */,
				2CC8923421C0A2440082334D /* view */,
				2CC8923621C0A2440082334D /* model */,
			);
			path = Home;
			sourceTree = "<group>";
		};
		2CC8922721C0A1DA0082334D /* huoshan */ = {
			isa = PBXGroup;
			children = (
				2CC8923121C0A23F0082334D /* controller */,
				2CC8923321C0A23F0082334D /* view */,
				2CC8923221C0A23F0082334D /* model */,
			);
			path = huoshan;
			sourceTree = "<group>";
		};
		2CC8922821C0A1E30082334D /* mine */ = {
			isa = PBXGroup;
			children = (
				2CC8922B21C0A20A0082334D /* controller */,
				2CC8922D21C0A2190082334D /* view */,
				2CC8922C21C0A2120082334D /* model */,
			);
			path = mine;
			sourceTree = "<group>";
		};
		2CC8922921C0A1E90082334D /* video */ = {
			isa = PBXGroup;
			children = (
				2CC8922E21C0A2370082334D /* controller */,
				2CC8923021C0A2370082334D /* view */,
				2CC8922F21C0A2370082334D /* model */,
			);
			path = video;
			sourceTree = "<group>";
		};
		2CC8922A21C0A1F70082334D /* others */ = {
			isa = PBXGroup;
			children = (
				2CC2B49C21B8C26800FB4398 /* LaunchScreen.storyboard */,
				2CC2B49721B8C26600FB4398 /* Main.storyboard */,
				2CC2B49521B8C26600FB4398 /* ViewController.swift */,
				2CC2B49321B8C26600FB4398 /* AppDelegate.swift */,
				2CC2B4C121B90D8300FB4398 /* MyTabBarController.swift */,
				2CC2B4CD21BA697900FB4398 /* MyTabBar.swift */,
				2CC2B4C321B90DE900FB4398 /* MyNavigationController.swift */,
				2CC8923721C0A8FC0082334D /* ConstDefine.swift */,
			);
			path = others;
			sourceTree = "<group>";
		};
		2CC8922B21C0A20A0082334D /* controller */ = {
			isa = PBXGroup;
			children = (
				2CC2B4CB21BA4CD400FB4398 /* MineViewController.swift */,
			);
			path = controller;
			sourceTree = "<group>";
		};
		2CC8922C21C0A2120082334D /* model */ = {
			isa = PBXGroup;
			children = (
				2C9C868721C79E50007BCA2A /* ApiDataMyCellModel.swift */,
			);
			path = model;
			sourceTree = "<group>";
		};
		2CC8922D21C0A2190082334D /* view */ = {
			isa = PBXGroup;
			children = (
				2C9C868921C7D677007BCA2A /* MineTableCellView.swift */,
			);
			path = view;
			sourceTree = "<group>";
		};
		2CC8922E21C0A2370082334D /* controller */ = {
			isa = PBXGroup;
			children = (
				2CC2B4C721BA4CA800FB4398 /* VideoViewController.swift */,
			);
			name = controller;
			path = fairynews/mine/controller;
			sourceTree = SOURCE_ROOT;
		};
		2CC8922F21C0A2370082334D /* model */ = {
			isa = PBXGroup;
			children = (
			);
			name = model;
			path = fairynews/mine/model;
			sourceTree = SOURCE_ROOT;
		};
		2CC8923021C0A2370082334D /* view */ = {
			isa = PBXGroup;
			children = (
			);
			name = view;
			path = fairynews/mine/view;
			sourceTree = SOURCE_ROOT;
		};
		2CC8923121C0A23F0082334D /* controller */ = {
			isa = PBXGroup;
			children = (
				2CC2B4C921BA4CBC00FB4398 /* HuoshanViewController.swift */,
			);
			name = controller;
			path = fairynews/mine/controller;
			sourceTree = SOURCE_ROOT;
		};
		2CC8923221C0A23F0082334D /* model */ = {
			isa = PBXGroup;
			children = (
			);
			name = model;
			path = fairynews/mine/model;
			sourceTree = SOURCE_ROOT;
		};
		2CC8923321C0A23F0082334D /* view */ = {
			isa = PBXGroup;
			children = (
			);
			name = view;
			path = fairynews/mine/view;
			sourceTree = SOURCE_ROOT;
		};
		2CC8923421C0A2440082334D /* view */ = {
			isa = PBXGroup;
			children = (
			);
			name = view;
			path = fairynews/mine/view;
			sourceTree = SOURCE_ROOT;
		};
		2CC8923521C0A2440082334D /* controller */ = {
			isa = PBXGroup;
			children = (
				2CC2B4C521BA4C8F00FB4398 /* HomeViewController.swift */,
			);
			name = controller;
			path = fairynews/mine/controller;
			sourceTree = SOURCE_ROOT;
		};
		2CC8923621C0A2440082334D /* model */ = {
			isa = PBXGroup;
			children = (
			);
			name = model;
			path = fairynews/mine/model;
			sourceTree = SOURCE_ROOT;
		};
		2CC8923921C0BD6A0082334D /* main */ = {
			isa = PBXGroup;
			children = (
				2CC8924021C0F5E20082334D /* apis */,
				2CC8923A21C0BD810082334D /* extension */,
				2CC8923B21C0BD890082334D /* controller */,
				2CC8923C21C0BD900082334D /* model */,
				2CC8923D21C0BD960082334D /* view */,
			);
			path = main;
			sourceTree = "<group>";
		};
		2CC8923A21C0BD810082334D /* extension */ = {
			isa = PBXGroup;
			children = (
				2CC8923E21C0BDC60082334D /* UIColor+Extension.swift */,
			);
			path = extension;
			sourceTree = "<group>";
		};
		2CC8923B21C0BD890082334D /* controller */ = {
			isa = PBXGroup;
			children = (
			);
			path = controller;
			sourceTree = "<group>";
		};
		2CC8923C21C0BD900082334D /* model */ = {
			isa = PBXGroup;
			children = (
			);
			path = model;
			sourceTree = "<group>";
		};
		2CC8923D21C0BD960082334D /* view */ = {
			isa = PBXGroup;
			children = (
			);
			path = view;
			sourceTree = "<group>";
		};
		2CC8924021C0F5E20082334D /* apis */ = {
			isa = PBXGroup;
			children = (
				2CC8924121C3875C0082334D /* MineApiService.swift */,
				2CC8924321C389010082334D /* ApiConst.swift */,
				2CC8924521C38C830082334D /* ApiResult.swift */,
			);
			path = apis;
			sourceTree = "<group>";
		};
		7F95450BD471AD94A2152E0B /* Frameworks */ = {
			isa = PBXGroup;
			children = (
				176940C73B97F640EB6DCD9A /* Pods_fairynews.framework */,
				C7B3C487DE3EB7F3D0751E58 /* Pods_fairynewsTests.framework */,
				329FA695DD966417AC30C9F5 /* Pods_fairynewsUITests.framework */,
			);
			name = Frameworks;
			sourceTree = "<group>";
		};
/* End PBXGroup section */

/* Begin PBXNativeTarget section */
		2CC2B48F21B8C26600FB4398 /* fairynews */ = {
			isa = PBXNativeTarget;
			buildConfigurationList = 2CC2B4B821B8C26900FB4398 /* Build configuration list for PBXNativeTarget "fairynews" */;
			buildPhases = (
				0DA6536257FA8B6BBA21791A /* [CP] Check Pods Manifest.lock */,
				2CC2B48C21B8C26600FB4398 /* Sources */,
				2CC2B48D21B8C26600FB4398 /* Frameworks */,
				2CC2B48E21B8C26600FB4398 /* Resources */,
				80A2CEA753A63D308BD0E104 /* [CP] Embed Pods Frameworks */,
			);
			buildRules = (
			);
			dependencies = (
			);
			name = fairynews;
			productName = fairynews;
			productReference = 2CC2B49021B8C26600FB4398 /* fairynews.app */;
			productType = "com.apple.product-type.application";
		};
		2CC2B4A321B8C26800FB4398 /* fairynewsTests */ = {
			isa = PBXNativeTarget;
			buildConfigurationList = 2CC2B4BB21B8C26900FB4398 /* Build configuration list for PBXNativeTarget "fairynewsTests" */;
			buildPhases = (
				3F0FA4A59616E4180F47F74C /* [CP] Check Pods Manifest.lock */,
				2CC2B4A021B8C26800FB4398 /* Sources */,
				2CC2B4A121B8C26800FB4398 /* Frameworks */,
				2CC2B4A221B8C26800FB4398 /* Resources */,
			);
			buildRules = (
			);
			dependencies = (
				2CC2B4A621B8C26800FB4398 /* PBXTargetDependency */,
			);
			name = fairynewsTests;
			productName = fairynewsTests;
			productReference = 2CC2B4A421B8C26800FB4398 /* fairynewsTests.xctest */;
			productType = "com.apple.product-type.bundle.unit-test";
		};
		2CC2B4AE21B8C26900FB4398 /* fairynewsUITests */ = {
			isa = PBXNativeTarget;
			buildConfigurationList = 2CC2B4BE21B8C26900FB4398 /* Build configuration list for PBXNativeTarget "fairynewsUITests" */;
			buildPhases = (
				92D785DE332510F23758F810 /* [CP] Check Pods Manifest.lock */,
				2CC2B4AB21B8C26900FB4398 /* Sources */,
				2CC2B4AC21B8C26900FB4398 /* Frameworks */,
				2CC2B4AD21B8C26900FB4398 /* Resources */,
			);
			buildRules = (
			);
			dependencies = (
				2CC2B4B121B8C26900FB4398 /* PBXTargetDependency */,
			);
			name = fairynewsUITests;
			productName = fairynewsUITests;
			productReference = 2CC2B4AF21B8C26900FB4398 /* fairynewsUITests.xctest */;
			productType = "com.apple.product-type.bundle.ui-testing";
		};
/* End PBXNativeTarget section */

/* Begin PBXProject section */
		2CC2B48821B8C26600FB4398 /* Project object */ = {
			isa = PBXProject;
			attributes = {
				LastSwiftUpdateCheck = 1000;
				LastUpgradeCheck = 1000;
				ORGANIZATIONNAME = fairyios;
				TargetAttributes = {
					2CC2B48F21B8C26600FB4398 = {
						CreatedOnToolsVersion = 10.0;
					};
					2CC2B4A321B8C26800FB4398 = {
						CreatedOnToolsVersion = 10.0;
						TestTargetID = 2CC2B48F21B8C26600FB4398;
					};
					2CC2B4AE21B8C26900FB4398 = {
						CreatedOnToolsVersion = 10.0;
						TestTargetID = 2CC2B48F21B8C26600FB4398;
					};
				};
			};
			buildConfigurationList = 2CC2B48B21B8C26600FB4398 /* Build configuration list for PBXProject "fairynews" */;
			compatibilityVersion = "Xcode 9.3";
			developmentRegion = en;
			hasScannedForEncodings = 0;
			knownRegions = (
				en,
				Base,
			);
			mainGroup = 2CC2B48721B8C26600FB4398;
			productRefGroup = 2CC2B49121B8C26600FB4398 /* Products */;
			projectDirPath = "";
			projectRoot = "";
			targets = (
				2CC2B48F21B8C26600FB4398 /* fairynews */,
				2CC2B4A321B8C26800FB4398 /* fairynewsTests */,
				2CC2B4AE21B8C26900FB4398 /* fairynewsUITests */,
			);
		};
/* End PBXProject section */

/* Begin PBXResourcesBuildPhase section */
		2CC2B48E21B8C26600FB4398 /* Resources */ = {
			isa = PBXResourcesBuildPhase;
			buildActionMask = 2147483647;
			files = (
				2CC2B49E21B8C26800FB4398 /* LaunchScreen.storyboard in Resources */,
				2CC2B49B21B8C26800FB4398 /* Assets.xcassets in Resources */,
				2CC2B49921B8C26600FB4398 /* Main.storyboard in Resources */,
			);
			runOnlyForDeploymentPostprocessing = 0;
		};
		2CC2B4A221B8C26800FB4398 /* Resources */ = {
			isa = PBXResourcesBuildPhase;
			buildActionMask = 2147483647;
			files = (
			);
			runOnlyForDeploymentPostprocessing = 0;
		};
		2CC2B4AD21B8C26900FB4398 /* Resources */ = {
			isa = PBXResourcesBuildPhase;
			buildActionMask = 2147483647;
			files = (
			);
			runOnlyForDeploymentPostprocessing = 0;
		};
/* End PBXResourcesBuildPhase section */

/* Begin PBXShellScriptBuildPhase section */
		0DA6536257FA8B6BBA21791A /* [CP] Check Pods Manifest.lock */ = {
			isa = PBXShellScriptBuildPhase;
			buildActionMask = 2147483647;
			files = (
			);
			inputFileListPaths = (
			);
			inputPaths = (
				"${PODS_PODFILE_DIR_PATH}/Podfile.lock",
				"${PODS_ROOT}/Manifest.lock",
			);
			name = "[CP] Check Pods Manifest.lock";
			outputFileListPaths = (
			);
			outputPaths = (
				"$(DERIVED_FILE_DIR)/Pods-fairynews-checkManifestLockResult.txt",
			);
			runOnlyForDeploymentPostprocessing = 0;
			shellPath = /bin/sh;
			shellScript = "diff \"${PODS_PODFILE_DIR_PATH}/Podfile.lock\" \"${PODS_ROOT}/Manifest.lock\" > /dev/null\nif [ $? != 0 ] ; then\n    # print error to STDERR\n    echo \"error: The sandbox is not in sync with the Podfile.lock. Run 'pod install' or update your CocoaPods installation.\" >&2\n    exit 1\nfi\n# This output is used by Xcode 'outputs' to avoid re-running this script phase.\necho \"SUCCESS\" > \"${SCRIPT_OUTPUT_FILE_0}\"\n";
			showEnvVarsInLog = 0;
		};
		3F0FA4A59616E4180F47F74C /* [CP] Check Pods Manifest.lock */ = {
			isa = PBXShellScriptBuildPhase;
			buildActionMask = 2147483647;
			files = (
			);
			inputFileListPaths = (
			);
			inputPaths = (
				"${PODS_PODFILE_DIR_PATH}/Podfile.lock",
				"${PODS_ROOT}/Manifest.lock",
			);
			name = "[CP] Check Pods Manifest.lock";
			outputFileListPaths = (
			);
			outputPaths = (
				"$(DERIVED_FILE_DIR)/Pods-fairynewsTests-checkManifestLockResult.txt",
			);
			runOnlyForDeploymentPostprocessing = 0;
			shellPath = /bin/sh;
			shellScript = "diff \"${PODS_PODFILE_DIR_PATH}/Podfile.lock\" \"${PODS_ROOT}/Manifest.lock\" > /dev/null\nif [ $? != 0 ] ; then\n    # print error to STDERR\n    echo \"error: The sandbox is not in sync with the Podfile.lock. Run 'pod install' or update your CocoaPods installation.\" >&2\n    exit 1\nfi\n# This output is used by Xcode 'outputs' to avoid re-running this script phase.\necho \"SUCCESS\" > \"${SCRIPT_OUTPUT_FILE_0}\"\n";
			showEnvVarsInLog = 0;
		};
		80A2CEA753A63D308BD0E104 /* [CP] Embed Pods Frameworks */ = {
			isa = PBXShellScriptBuildPhase;
			buildActionMask = 2147483647;
			files = (
			);
			inputFileListPaths = (
			);
			inputPaths = (
				"${SRCROOT}/Pods/Target Support Files/Pods-fairynews/Pods-fairynews-frameworks.sh",
				"${BUILT_PRODUCTS_DIR}/Alamofire/Alamofire.framework",
				"${BUILT_PRODUCTS_DIR}/SnapKit/SnapKit.framework",
			);
			name = "[CP] Embed Pods Frameworks";
			outputFileListPaths = (
			);
			outputPaths = (
				"${TARGET_BUILD_DIR}/${FRAMEWORKS_FOLDER_PATH}/Alamofire.framework",
				"${TARGET_BUILD_DIR}/${FRAMEWORKS_FOLDER_PATH}/SnapKit.framework",
			);
			runOnlyForDeploymentPostprocessing = 0;
			shellPath = /bin/sh;
			shellScript = "\"${SRCROOT}/Pods/Target Support Files/Pods-fairynews/Pods-fairynews-frameworks.sh\"\n";
			showEnvVarsInLog = 0;
		};
		92D785DE332510F23758F810 /* [CP] Check Pods Manifest.lock */ = {
			isa = PBXShellScriptBuildPhase;
			buildActionMask = 2147483647;
			files = (
			);
			inputFileListPaths = (
			);
			inputPaths = (
				"${PODS_PODFILE_DIR_PATH}/Podfile.lock",
				"${PODS_ROOT}/Manifest.lock",
			);
			name = "[CP] Check Pods Manifest.lock";
			outputFileListPaths = (
			);
			outputPaths = (
				"$(DERIVED_FILE_DIR)/Pods-fairynewsUITests-checkManifestLockResult.txt",
			);
			runOnlyForDeploymentPostprocessing = 0;
			shellPath = /bin/sh;
			shellScript = "diff \"${PODS_PODFILE_DIR_PATH}/Podfile.lock\" \"${PODS_ROOT}/Manifest.lock\" > /dev/null\nif [ $? != 0 ] ; then\n    # print error to STDERR\n    echo \"error: The sandbox is not in sync with the Podfile.lock. Run 'pod install' or update your CocoaPods installation.\" >&2\n    exit 1\nfi\n# This output is used by Xcode 'outputs' to avoid re-running this script phase.\necho \"SUCCESS\" > \"${SCRIPT_OUTPUT_FILE_0}\"\n";
			showEnvVarsInLog = 0;
		};
/* End PBXShellScriptBuildPhase section */

/* Begin PBXSourcesBuildPhase section */
		2CC2B48C21B8C26600FB4398 /* Sources */ = {
			isa = PBXSourcesBuildPhase;
			buildActionMask = 2147483647;
			files = (
				2CC8923821C0A8FC0082334D /* ConstDefine.swift in Sources */,
				2C9C868A21C7D677007BCA2A /* MineTableCellView.swift in Sources */,
				2CC2B4C621BA4C8F00FB4398 /* HomeViewController.swift in Sources */,
				2CC2B4C221B90D8300FB4398 /* MyTabBarController.swift in Sources */,
				2CC8923F21C0BDC60082334D /* UIColor+Extension.swift in Sources */,
				2C9C868821C79E50007BCA2A /* ApiDataMyCellModel.swift in Sources */,
				2CC2B4C821BA4CA800FB4398 /* VideoViewController.swift in Sources */,
				2CC2B4CC21BA4CD400FB4398 /* MineViewController.swift in Sources */,
				2CC2B4CA21BA4CBC00FB4398 /* HuoshanViewController.swift in Sources */,
				2CC2B4CE21BA697900FB4398 /* MyTabBar.swift in Sources */,
				2CC2B4C421B90DE900FB4398 /* MyNavigationController.swift in Sources */,
				2CC2B49621B8C26600FB4398 /* ViewController.swift in Sources */,
				2CC8924221C3875C0082334D /* MineApiService.swift in Sources */,
				2CC8924621C38C830082334D /* ApiResult.swift in Sources */,
				2CC2B49421B8C26600FB4398 /* AppDelegate.swift in Sources */,
				2CC8924421C389010082334D /* ApiConst.swift in Sources */,
			);
			runOnlyForDeploymentPostprocessing = 0;
		};
		2CC2B4A021B8C26800FB4398 /* Sources */ = {
			isa = PBXSourcesBuildPhase;
			buildActionMask = 2147483647;
			files = (
				2CC2B4A921B8C26800FB4398 /* fairynewsTests.swift in Sources */,
			);
			runOnlyForDeploymentPostprocessing = 0;
		};
		2CC2B4AB21B8C26900FB4398 /* Sources */ = {
			isa = PBXSourcesBuildPhase;
			buildActionMask = 2147483647;
			files = (
				2CC2B4B421B8C26900FB4398 /* fairynewsUITests.swift in Sources */,
			);
			runOnlyForDeploymentPostprocessing = 0;
		};
/* End PBXSourcesBuildPhase section */

/* Begin PBXTargetDependency section */
		2CC2B4A621B8C26800FB4398 /* PBXTargetDependency */ = {
			isa = PBXTargetDependency;
			target = 2CC2B48F21B8C26600FB4398 /* fairynews */;
			targetProxy = 2CC2B4A521B8C26800FB4398 /* PBXContainerItemProxy */;
		};
		2CC2B4B121B8C26900FB4398 /* PBXTargetDependency */ = {
			isa = PBXTargetDependency;
			target = 2CC2B48F21B8C26600FB4398 /* fairynews */;
			targetProxy = 2CC2B4B021B8C26900FB4398 /* PBXContainerItemProxy */;
		};
/* End PBXTargetDependency section */

/* Begin PBXVariantGroup section */
		2CC2B49721B8C26600FB4398 /* Main.storyboard */ = {
			isa = PBXVariantGroup;
			children = (
				2CC2B49821B8C26600FB4398 /* Base */,
			);
			name = Main.storyboard;
			sourceTree = "<group>";
		};
		2CC2B49C21B8C26800FB4398 /* LaunchScreen.storyboard */ = {
			isa = PBXVariantGroup;
			children = (
				2CC2B49D21B8C26800FB4398 /* Base */,
			);
			name = LaunchScreen.storyboard;
			sourceTree = "<group>";
		};
/* End PBXVariantGroup section */

/* Begin XCBuildConfiguration section */
		2CC2B4B621B8C26900FB4398 /* Debug */ = {
			isa = XCBuildConfiguration;
			buildSettings = {
				ALWAYS_SEARCH_USER_PATHS = NO;
				CLANG_ANALYZER_NONNULL = YES;
				CLANG_ANALYZER_NUMBER_OBJECT_CONVERSION = YES_AGGRESSIVE;
				CLANG_CXX_LANGUAGE_STANDARD = "gnu++14";
				CLANG_CXX_LIBRARY = "libc++";
				CLANG_ENABLE_MODULES = YES;
				CLANG_ENABLE_OBJC_ARC = YES;
				CLANG_ENABLE_OBJC_WEAK = YES;
				CLANG_WARN_BLOCK_CAPTURE_AUTORELEASING = YES;
				CLANG_WARN_BOOL_CONVERSION = YES;
				CLANG_WARN_COMMA = YES;
				CLANG_WARN_CONSTANT_CONVERSION = YES;
				CLANG_WARN_DEPRECATED_OBJC_IMPLEMENTATIONS = YES;
				CLANG_WARN_DIRECT_OBJC_ISA_USAGE = YES_ERROR;
				CLANG_WARN_DOCUMENTATION_COMMENTS = YES;
				CLANG_WARN_EMPTY_BODY = YES;
				CLANG_WARN_ENUM_CONVERSION = YES;
				CLANG_WARN_INFINITE_RECURSION = YES;
				CLANG_WARN_INT_CONVERSION = YES;
				CLANG_WARN_NON_LITERAL_NULL_CONVERSION = YES;
				CLANG_WARN_OBJC_IMPLICIT_RETAIN_SELF = YES;
				CLANG_WARN_OBJC_LITERAL_CONVERSION = YES;
				CLANG_WARN_OBJC_ROOT_CLASS = YES_ERROR;
				CLANG_WARN_RANGE_LOOP_ANALYSIS = YES;
				CLANG_WARN_STRICT_PROTOTYPES = YES;
				CLANG_WARN_SUSPICIOUS_MOVE = YES;
				CLANG_WARN_UNGUARDED_AVAILABILITY = YES_AGGRESSIVE;
				CLANG_WARN_UNREACHABLE_CODE = YES;
				CLANG_WARN__DUPLICATE_METHOD_MATCH = YES;
				CODE_SIGN_IDENTITY = "iPhone Developer";
				COPY_PHASE_STRIP = NO;
				DEBUG_INFORMATION_FORMAT = dwarf;
				ENABLE_STRICT_OBJC_MSGSEND = YES;
				ENABLE_TESTABILITY = YES;
				GCC_C_LANGUAGE_STANDARD = gnu11;
				GCC_DYNAMIC_NO_PIC = NO;
				GCC_NO_COMMON_BLOCKS = YES;
				GCC_OPTIMIZATION_LEVEL = 0;
				GCC_PREPROCESSOR_DEFINITIONS = (
					"DEBUG=1",
					"$(inherited)",
				);
				GCC_WARN_64_TO_32_BIT_CONVERSION = YES;
				GCC_WARN_ABOUT_RETURN_TYPE = YES_ERROR;
				GCC_WARN_UNDECLARED_SELECTOR = YES;
				GCC_WARN_UNINITIALIZED_AUTOS = YES_AGGRESSIVE;
				GCC_WARN_UNUSED_FUNCTION = YES;
				GCC_WARN_UNUSED_VARIABLE = YES;
				IPHONEOS_DEPLOYMENT_TARGET = 12.0;
				MTL_ENABLE_DEBUG_INFO = INCLUDE_SOURCE;
				MTL_FAST_MATH = YES;
				ONLY_ACTIVE_ARCH = YES;
				SDKROOT = iphoneos;
				SWIFT_ACTIVE_COMPILATION_CONDITIONS = DEBUG;
				SWIFT_OPTIMIZATION_LEVEL = "-Onone";
			};
			name = Debug;
		};
		2CC2B4B721B8C26900FB4398 /* Release */ = {
			isa = XCBuildConfiguration;
			buildSettings = {
				ALWAYS_SEARCH_USER_PATHS = NO;
				CLANG_ANALYZER_NONNULL = YES;
				CLANG_ANALYZER_NUMBER_OBJECT_CONVERSION = YES_AGGRESSIVE;
				CLANG_CXX_LANGUAGE_STANDARD = "gnu++14";
				CLANG_CXX_LIBRARY = "libc++";
				CLANG_ENABLE_MODULES = YES;
				CLANG_ENABLE_OBJC_ARC = YES;
				CLANG_ENABLE_OBJC_WEAK = YES;
				CLANG_WARN_BLOCK_CAPTURE_AUTORELEASING = YES;
				CLANG_WARN_BOOL_CONVERSION = YES;
				CLANG_WARN_COMMA = YES;
				CLANG_WARN_CONSTANT_CONVERSION = YES;
				CLANG_WARN_DEPRECATED_OBJC_IMPLEMENTATIONS = YES;
				CLANG_WARN_DIRECT_OBJC_ISA_USAGE = YES_ERROR;
				CLANG_WARN_DOCUMENTATION_COMMENTS = YES;
				CLANG_WARN_EMPTY_BODY = YES;
				CLANG_WARN_ENUM_CONVERSION = YES;
				CLANG_WARN_INFINITE_RECURSION = YES;
				CLANG_WARN_INT_CONVERSION = YES;
				CLANG_WARN_NON_LITERAL_NULL_CONVERSION = YES;
				CLANG_WARN_OBJC_IMPLICIT_RETAIN_SELF = YES;
				CLANG_WARN_OBJC_LITERAL_CONVERSION = YES;
				CLANG_WARN_OBJC_ROOT_CLASS = YES_ERROR;
				CLANG_WARN_RANGE_LOOP_ANALYSIS = YES;
				CLANG_WARN_STRICT_PROTOTYPES = YES;
				CLANG_WARN_SUSPICIOUS_MOVE = YES;
				CLANG_WARN_UNGUARDED_AVAILABILITY = YES_AGGRESSIVE;
				CLANG_WARN_UNREACHABLE_CODE = YES;
				CLANG_WARN__DUPLICATE_METHOD_MATCH = YES;
				CODE_SIGN_IDENTITY = "iPhone Developer";
				COPY_PHASE_STRIP = NO;
				DEBUG_INFORMATION_FORMAT = "dwarf-with-dsym";
				ENABLE_NS_ASSERTIONS = NO;
				ENABLE_STRICT_OBJC_MSGSEND = YES;
				GCC_C_LANGUAGE_STANDARD = gnu11;
				GCC_NO_COMMON_BLOCKS = YES;
				GCC_WARN_64_TO_32_BIT_CONVERSION = YES;
				GCC_WARN_ABOUT_RETURN_TYPE = YES_ERROR;
				GCC_WARN_UNDECLARED_SELECTOR = YES;
				GCC_WARN_UNINITIALIZED_AUTOS = YES_AGGRESSIVE;
				GCC_WARN_UNUSED_FUNCTION = YES;
				GCC_WARN_UNUSED_VARIABLE = YES;
				IPHONEOS_DEPLOYMENT_TARGET = 12.0;
				MTL_ENABLE_DEBUG_INFO = NO;
				MTL_FAST_MATH = YES;
				SDKROOT = iphoneos;
				SWIFT_COMPILATION_MODE = wholemodule;
				SWIFT_OPTIMIZATION_LEVEL = "-O";
				VALIDATE_PRODUCT = YES;
			};
			name = Release;
		};
		2CC2B4B921B8C26900FB4398 /* Debug */ = {
			isa = XCBuildConfiguration;
			baseConfigurationReference = C5492C1291A0A83F10A28FFC /* Pods-fairynews.debug.xcconfig */;
			buildSettings = {
				ASSETCATALOG_COMPILER_APPICON_NAME = AppIcon;
				CODE_SIGN_STYLE = Automatic;
				DEVELOPMENT_TEAM = 669L99RDZ5;
				INFOPLIST_FILE = fairynews/Info.plist;
				LD_RUNPATH_SEARCH_PATHS = (
					"$(inherited)",
					"@executable_path/Frameworks",
				);
				PRODUCT_BUNDLE_IDENTIFIER = fairyios.fairynews;
				PRODUCT_NAME = "$(TARGET_NAME)";
				SWIFT_VERSION = 4.2;
				TARGETED_DEVICE_FAMILY = "1,2";
			};
			name = Debug;
		};
		2CC2B4BA21B8C26900FB4398 /* Release */ = {
			isa = XCBuildConfiguration;
			baseConfigurationReference = A556FBA75A78C5D7EB6BF3C0 /* Pods-fairynews.release.xcconfig */;
			buildSettings = {
				ASSETCATALOG_COMPILER_APPICON_NAME = AppIcon;
				CODE_SIGN_STYLE = Automatic;
				DEVELOPMENT_TEAM = 669L99RDZ5;
				INFOPLIST_FILE = fairynews/Info.plist;
				LD_RUNPATH_SEARCH_PATHS = (
					"$(inherited)",
					"@executable_path/Frameworks",
				);
				PRODUCT_BUNDLE_IDENTIFIER = fairyios.fairynews;
				PRODUCT_NAME = "$(TARGET_NAME)";
				SWIFT_VERSION = 4.2;
				TARGETED_DEVICE_FAMILY = "1,2";
			};
			name = Release;
		};
		2CC2B4BC21B8C26900FB4398 /* Debug */ = {
			isa = XCBuildConfiguration;
			baseConfigurationReference = EA92FF76C8563265334A620D /* Pods-fairynewsTests.debug.xcconfig */;
			buildSettings = {
				ALWAYS_EMBED_SWIFT_STANDARD_LIBRARIES = YES;
				BUNDLE_LOADER = "$(TEST_HOST)";
				CODE_SIGN_STYLE = Automatic;
				DEVELOPMENT_TEAM = 669L99RDZ5;
				INFOPLIST_FILE = fairynewsTests/Info.plist;
				LD_RUNPATH_SEARCH_PATHS = (
					"$(inherited)",
					"@executable_path/Frameworks",
					"@loader_path/Frameworks",
				);
				PRODUCT_BUNDLE_IDENTIFIER = fairyios.fairynewsTests;
				PRODUCT_NAME = "$(TARGET_NAME)";
				SWIFT_VERSION = 4.2;
				TARGETED_DEVICE_FAMILY = "1,2";
				TEST_HOST = "$(BUILT_PRODUCTS_DIR)/fairynews.app/fairynews";
			};
			name = Debug;
		};
		2CC2B4BD21B8C26900FB4398 /* Release */ = {
			isa = XCBuildConfiguration;
			baseConfigurationReference = 476C3CE89512B887A10E8BC3 /* Pods-fairynewsTests.release.xcconfig */;
			buildSettings = {
				ALWAYS_EMBED_SWIFT_STANDARD_LIBRARIES = YES;
				BUNDLE_LOADER = "$(TEST_HOST)";
				CODE_SIGN_STYLE = Automatic;
				DEVELOPMENT_TEAM = 669L99RDZ5;
				INFOPLIST_FILE = fairynewsTests/Info.plist;
				LD_RUNPATH_SEARCH_PATHS = (
					"$(inherited)",
					"@executable_path/Frameworks",
					"@loader_path/Frameworks",
				);
				PRODUCT_BUNDLE_IDENTIFIER = fairyios.fairynewsTests;
				PRODUCT_NAME = "$(TARGET_NAME)";
				SWIFT_VERSION = 4.2;
				TARGETED_DEVICE_FAMILY = "1,2";
				TEST_HOST = "$(BUILT_PRODUCTS_DIR)/fairynews.app/fairynews";
			};
			name = Release;
		};
		2CC2B4BF21B8C26900FB4398 /* Debug */ = {
			isa = XCBuildConfiguration;
			baseConfigurationReference = 19EA3207E22373AFC2F0CE92 /* Pods-fairynewsUITests.debug.xcconfig */;
			buildSettings = {
				ALWAYS_EMBED_SWIFT_STANDARD_LIBRARIES = YES;
				CODE_SIGN_STYLE = Automatic;
				DEVELOPMENT_TEAM = 669L99RDZ5;
				INFOPLIST_FILE = fairynewsUITests/Info.plist;
				LD_RUNPATH_SEARCH_PATHS = (
					"$(inherited)",
					"@executable_path/Frameworks",
					"@loader_path/Frameworks",
				);
				PRODUCT_BUNDLE_IDENTIFIER = fairyios.fairynewsUITests;
				PRODUCT_NAME = "$(TARGET_NAME)";
				SWIFT_VERSION = 4.2;
				TARGETED_DEVICE_FAMILY = "1,2";
				TEST_TARGET_NAME = fairynews;
			};
			name = Debug;
		};
		2CC2B4C021B8C26900FB4398 /* Release */ = {
			isa = XCBuildConfiguration;
			baseConfigurationReference = 2DC107D9B3897A78CCC07821 /* Pods-fairynewsUITests.release.xcconfig */;
			buildSettings = {
				ALWAYS_EMBED_SWIFT_STANDARD_LIBRARIES = YES;
				CODE_SIGN_STYLE = Automatic;
				DEVELOPMENT_TEAM = 669L99RDZ5;
				INFOPLIST_FILE = fairynewsUITests/Info.plist;
				LD_RUNPATH_SEARCH_PATHS = (
					"$(inherited)",
					"@executable_path/Frameworks",
					"@loader_path/Frameworks",
				);
				PRODUCT_BUNDLE_IDENTIFIER = fairyios.fairynewsUITests;
				PRODUCT_NAME = "$(TARGET_NAME)";
				SWIFT_VERSION = 4.2;
				TARGETED_DEVICE_FAMILY = "1,2";
				TEST_TARGET_NAME = fairynews;
			};
			name = Release;
		};
/* End XCBuildConfiguration section */

/* Begin XCConfigurationList section */
		2CC2B48B21B8C26600FB4398 /* Build configuration list for PBXProject "fairynews" */ = {
			isa = XCConfigurationList;
			buildConfigurations = (
				2CC2B4B621B8C26900FB4398 /* Debug */,
				2CC2B4B721B8C26900FB4398 /* Release */,
			);
			defaultConfigurationIsVisible = 0;
			defaultConfigurationName = Release;
		};
		2CC2B4B821B8C26900FB4398 /* Build configuration list for PBXNativeTarget "fairynews" */ = {
			isa = XCConfigurationList;
			buildConfigurations = (
				2CC2B4B921B8C26900FB4398 /* Debug */,
				2CC2B4BA21B8C26900FB4398 /* Release */,
			);
			defaultConfigurationIsVisible = 0;
			defaultConfigurationName = Release;
		};
		2CC2B4BB21B8C26900FB4398 /* Build configuration list for PBXNativeTarget "fairynewsTests" */ = {
			isa = XCConfigurationList;
			buildConfigurations = (
				2CC2B4BC21B8C26900FB4398 /* Debug */,
				2CC2B4BD21B8C26900FB4398 /* Release */,
			);
			defaultConfigurationIsVisible = 0;
			defaultConfigurationName = Release;
		};
		2CC2B4BE21B8C26900FB4398 /* Build configuration list for PBXNativeTarget "fairynewsUITests" */ = {
			isa = XCConfigurationList;
			buildConfigurations = (
				2CC2B4BF21B8C26900FB4398 /* Debug */,
				2CC2B4C021B8C26900FB4398 /* Release */,
			);
			defaultConfigurationIsVisible = 0;
			defaultConfigurationName = Release;
		};
/* End XCConfigurationList section */
	};
	rootObject = 2CC2B48821B8C26600FB4398 /* Project object */;
}
